
Microsoft Visual Studio Solution File, Format Version 12.00
# Visual Studio 15
VisualStudioVersion = 15.0.27428.2015
MinimumVisualStudioVersion = 10.0.40219.1
Project("{FAE04EC0-301F-11D3-BF4B-00C04F79EFBC}") = "ntier-identity-without-signinmanager", "ntier-identity-without-signinmanager\ntier-identity-without-signinmanager.csproj", "{23C98FE7-0F67-4AAD-B315-BE6AA2C12D0E}"
	ProjectSection(ProjectDependencies) = postProject
		{68077F2A-C9D0-4261-9967-61E7B119AC6C} = {68077F2A-C9D0-4261-9967-61E7B119AC6C}
	EndProjectSection
EndProject
Project("{FAE04EC0-301F-11D3-BF4B-00C04F79EFBC}") = "dto", "dto\dto.csproj", "{7E9EDC73-84E3-4EF6-8214-4C76BA2DE3F3}"
EndProject
Project("{FAE04EC0-301F-11D3-BF4B-00C04F79EFBC}") = "web-service", "web-service\web-service.csproj", "{68077F2A-C9D0-4261-9967-61E7B119AC6C}"
EndProject
Global
	GlobalSection(SolutionConfigurationPlatforms) = preSolution
		Debug|Any CPU = Debug|Any CPU
		Release|Any CPU = Release|Any CPU
	EndGlobalSection
	GlobalSection(ProjectConfigurationPlatforms) = postSolution
		{23C98FE7-0F67-4AAD-B315-BE6AA2C12D0E}.Debug|Any CPU.ActiveCfg = Debug|Any CPU
		{23C98FE7-0F67-4AAD-B315-BE6AA2C12D0E}.Debug|Any CPU.Build.0 = Debug|Any CPU
		{23C98FE7-0F67-4AAD-B315-BE6AA2C12D0E}.Release|Any CPU.ActiveCfg = Release|Any CPU
		{23C98FE7-0F67-4AAD-B315-BE6AA2C12D0E}.Release|Any CPU.Build.0 = Release|Any CPU
		{7E9EDC73-84E3-4EF6-8214-4C76BA2DE3F3}.Debug|Any CPU.ActiveCfg = Debug|Any CPU
		{7E9EDC73-84E3-4EF6-8214-4C76BA2DE3F3}.Debug|Any CPU.Build.0 = Debug|Any CPU
		{7E9EDC73-84E3-4EF6-8214-4C76BA2DE3F3}.Release|Any CPU.ActiveCfg = Release|Any CPU
		{7E9EDC73-84E3-4EF6-8214-4C76BA2DE3F3}.Release|Any CPU.Build.0 = Release|Any CPU
		{68077F2A-C9D0-4261-9967-61E7B119AC6C}.Debug|Any CPU.ActiveCfg = Debug|Any CPU
		{68077F2A-C9D0-4261-9967-61E7B119AC6C}.Debug|Any CPU.Build.0 = Debug|Any CPU
		{68077F2A-C9D0-4261-9967-61E7B119AC6C}.Release|Any CPU.ActiveCfg = Release|Any CPU
		{68077F2A-C9D0-4261-9967-61E7B119AC6C}.Release|Any CPU.Build.0 = Release|Any CPU
	EndGlobalSection
	GlobalSection(SolutionProperties) = preSolution
		HideSolutionNode = FALSE
	EndGlobalSection
	GlobalSection(ExtensibilityGlobals) = postSolution
		SolutionGuid = {5C34E1D9-D1FE-499C-AB39-1A138BCE2DCD}
	EndGlobalSection
EndGlobal
